{
   "modules" : {
      "Algorithm::Diff" : {
         "dist" : "Algorithm-Diff-1.1902",
         "mymeta" : {
            "abstract" : "unknown",
            "author" : [
               "unknown"
            ],
            "dynamic_config" : 0,
            "generated_by" : "ExtUtils::MakeMaker version 6.6302, CPAN::Meta::Converter version 2.120921",
            "license" : [
               "unknown"
            ],
            "meta-spec" : {
               "url" : "http://search.cpan.org/perldoc?CPAN::Meta::Spec",
               "version" : "2"
            },
            "name" : "Algorithm-Diff",
            "no_index" : {
               "directory" : [
                  "t",
                  "inc"
               ]
            },
            "prereqs" : {
               "build" : {
                  "requires" : {
                     "ExtUtils::MakeMaker" : "0"
                  }
               },
               "configure" : {
                  "requires" : {
                     "ExtUtils::MakeMaker" : "0"
                  }
               },
               "runtime" : {
                  "requires" : {}
               }
            },
            "release_status" : "stable",
            "version" : "1.1902"
         },
         "name" : "Algorithm::Diff",
         "pathname" : "T/TY/TYEMQ/Algorithm-Diff-1.1902.tar.gz",
         "provides" : {
            "Algorithm::Diff" : {
               "file" : "Algorithm/Diff.pm",
               "version" : "1.1902"
            },
            "Algorithm::DiffOld" : {
               "file" : "Algorithm/DiffOld.pm",
               "version" : "1.1"
            }
         },
         "target" : "Algorithm::Diff",
         "version" : "1.1902"
      },
      "Class::Accessor" : {
         "dist" : "Class-Accessor-0.34",
         "mymeta" : {
            "abstract" : "unknown",
            "author" : [
               "Marty Pauley <marty+perl@kasei.com>"
            ],
            "dynamic_config" : 0,
            "generated_by" : "ExtUtils::MakeMaker version 6.42, CPAN::Meta::Converter version 2.120921",
            "license" : [
               "perl_5"
            ],
            "meta-spec" : {
               "url" : "http://search.cpan.org/perldoc?CPAN::Meta::Spec",
               "version" : "2"
            },
            "name" : "Class-Accessor",
            "prereqs" : {
               "build" : {
                  "requires" : {
                     "ExtUtils::MakeMaker" : "0"
                  }
               },
               "runtime" : {
                  "requires" : {
                     "base" : "1.01"
                  }
               }
            },
            "release_status" : "stable",
            "version" : "0.34"
         },
         "name" : "Class::Accessor",
         "pathname" : "K/KA/KASEI/Class-Accessor-0.34.tar.gz",
         "provides" : {
            "Class::Accessor" : {
               "file" : "Class/Accessor.pm",
               "version" : "0.34"
            },
            "Class::Accessor::Fast" : {
               "file" : "Class/Accessor/Fast.pm",
               "version" : "0.34"
            },
            "Class::Accessor::Faster" : {
               "file" : "Class/Accessor/Faster.pm",
               "version" : "0.34"
            }
         },
         "target" : "Class::Accessor::Fast",
         "version" : "0.34"
      },
      "HTML::Parser" : {
         "dist" : "HTML-Parser-3.69",
         "mymeta" : {
            "abstract" : "HTML parser class",
            "author" : [
               "Gisle Aas <gisle@activestate.com>"
            ],
            "dynamic_config" : 0,
            "generated_by" : "ExtUtils::MakeMaker version 6.57_05, CPAN::Meta::Converter version 2.120921",
            "license" : [
               "perl_5"
            ],
            "meta-spec" : {
               "url" : "http://search.cpan.org/perldoc?CPAN::Meta::Spec",
               "version" : "2"
            },
            "name" : "HTML-Parser",
            "no_index" : {
               "directory" : [
                  "t",
                  "inc"
               ]
            },
            "prereqs" : {
               "build" : {
                  "requires" : {
                     "ExtUtils::MakeMaker" : "0"
                  }
               },
               "configure" : {
                  "requires" : {
                     "ExtUtils::MakeMaker" : "0"
                  }
               },
               "runtime" : {
                  "recommends" : {
                     "HTTP::Headers" : "0"
                  },
                  "requires" : {
                     "HTML::Tagset" : "3",
                     "XSLoader" : "0",
                     "perl" : "5.008"
                  }
               }
            },
            "release_status" : "stable",
            "resources" : {
               "repository" : {
                  "url" : "http://github.com/gisle/html-parser"
               },
               "x_MailingList" : "mailto:libwww@perl.org"
            },
            "version" : "3.69"
         },
         "name" : "HTML::Parser",
         "pathname" : "G/GA/GAAS/HTML-Parser-3.69.tar.gz",
         "provides" : {
            "HTML::Entities" : {
               "file" : "HTML/Entities.pm",
               "version" : "3.69"
            },
            "HTML::Filter" : {
               "file" : "HTML/Filter.pm",
               "version" : "3.57"
            },
            "HTML::HeadParser" : {
               "file" : "HTML/HeadParser.pm",
               "version" : "3.69"
            },
            "HTML::LinkExtor" : {
               "file" : "HTML/LinkExtor.pm",
               "version" : "3.69"
            },
            "HTML::Parser" : {
               "file" : "HTML/Parser.pm",
               "version" : "3.69"
            },
            "HTML::PullParser" : {
               "file" : "HTML/PullParser.pm",
               "version" : "3.57"
            },
            "HTML::TokeParser" : {
               "file" : "HTML/TokeParser.pm",
               "version" : "3.69"
            }
         },
         "target" : "HTML::Parser",
         "version" : "3.69"
      },
      "HTML::Tagset" : {
         "dist" : "HTML-Tagset-3.20",
         "mymeta" : {
            "abstract" : "data tables useful in parsing HTML",
            "author" : [
               "Andy Lester <andy@petdance.com>"
            ],
            "dynamic_config" : 0,
            "generated_by" : "ExtUtils::MakeMaker version 6.42, CPAN::Meta::Converter version 2.120921",
            "license" : [
               "unknown"
            ],
            "meta-spec" : {
               "url" : "http://search.cpan.org/perldoc?CPAN::Meta::Spec",
               "version" : "2"
            },
            "name" : "HTML-Tagset",
            "prereqs" : {
               "build" : {
                  "requires" : {
                     "ExtUtils::MakeMaker" : "0"
                  }
               },
               "runtime" : {
                  "requires" : {}
               }
            },
            "release_status" : "stable",
            "version" : "3.20"
         },
         "name" : "HTML::Tagset",
         "pathname" : "P/PE/PETDANCE/HTML-Tagset-3.20.tar.gz",
         "provides" : {
            "HTML::Tagset" : {
               "file" : "HTML/Tagset.pm",
               "version" : "3.20"
            }
         },
         "target" : "HTML::Tagset",
         "version" : "3.20"
      },
      "HTML::Tree" : {
         "dist" : "HTML-Tree-5.03",
         "mymeta" : {
            "abstract" : "Work with HTML in a DOM-like tree structure",
            "author" : [
               "Christopher J. Madsen <perl@cjmweb.net>",
               "Jeff Fearn <jfearn@cpan.org>"
            ],
            "dynamic_config" : 0,
            "generated_by" : "Module::Build version 0.4003, CPAN::Meta::Converter version 2.120921",
            "license" : [
               "perl_5"
            ],
            "meta-spec" : {
               "url" : "http://search.cpan.org/perldoc?CPAN::Meta::Spec",
               "version" : "2"
            },
            "name" : "HTML-Tree",
            "no_index" : {
               "directory" : [
                  "inc",
                  "t"
               ]
            },
            "prereqs" : {
               "build" : {
                  "requires" : {
                     "Encode" : "0",
                     "Module::Build" : "0.2808",
                     "Test::Fatal" : "0",
                     "Test::More" : "0",
                     "base" : "0"
                  }
               },
               "configure" : {
                  "requires" : {
                     "Module::Build" : "0.2808"
                  }
               },
               "runtime" : {
                  "recommends" : {
                     "HTML::FormatText" : "0",
                     "LWP::UserAgent" : "5.815"
                  },
                  "requires" : {
                     "Carp" : "0",
                     "Exporter" : "0",
                     "HTML::Entities" : "0",
                     "HTML::Parser" : "3.46",
                     "HTML::Tagset" : "3.02",
                     "Scalar::Util" : "0",
                     "integer" : "0",
                     "perl" : "5.008"
                  }
               }
            },
            "release_status" : "stable",
            "resources" : {
               "repository" : {
                  "type" : "git",
                  "url" : "git://github.com/madsen/HTML-Tree.git"
               }
            },
            "version" : "5.03",
            "x_Dist_Zilla" : {
               "plugins" : [
                  {
                     "class" : "Dist::Zilla::Plugin::Git::GatherDir",
                     "name" : "Git::GatherDir",
                     "version" : "1.122530"
                  },
                  {
                     "class" : "Dist::Zilla::Plugin::ManifestSkip",
                     "name" : "ManifestSkip",
                     "version" : "4.300023"
                  },
                  {
                     "class" : "Dist::Zilla::Plugin::MetaJSON",
                     "name" : "MetaJSON",
                     "version" : "4.300023"
                  },
                  {
                     "class" : "Dist::Zilla::Plugin::MetaYAML",
                     "name" : "MetaYAML",
                     "version" : "4.300023"
                  },
                  {
                     "class" : "Dist::Zilla::Plugin::MetaConfig",
                     "name" : "MetaConfig",
                     "version" : "4.300023"
                  },
                  {
                     "class" : "Dist::Zilla::Plugin::License",
                     "name" : "License",
                     "version" : "4.300023"
                  },
                  {
                     "class" : "Dist::Zilla::Plugin::MatchManifest",
                     "name" : "MatchManifest",
                     "version" : "4.00"
                  },
                  {
                     "class" : "Dist::Zilla::Plugin::CheckChangesHasContent",
                     "name" : "CheckChangesHasContent",
                     "version" : "0.005"
                  },
                  {
                     "class" : "Dist::Zilla::Plugin::Test::PrereqsFromMeta",
                     "name" : "Test::PrereqsFromMeta",
                     "version" : "4.04"
                  },
                  {
                     "class" : "Dist::Zilla::Plugin::PodSyntaxTests",
                     "name" : "PodSyntaxTests",
                     "version" : "4.300023"
                  },
                  {
                     "class" : "Dist::Zilla::Plugin::PodCoverageTests",
                     "name" : "PodCoverageTests",
                     "version" : "4.300023"
                  },
                  {
                     "class" : "Dist::Zilla::Plugin::ModuleBuild::Custom",
                     "name" : "ModuleBuild::Custom",
                     "version" : "4.07"
                  },
                  {
                     "class" : "Dist::Zilla::Plugin::RecommendedPrereqs",
                     "name" : "RecommendedPrereqs",
                     "version" : "4.06"
                  },
                  {
                     "class" : "Dist::Zilla::Plugin::CheckPrereqsIndexed",
                     "name" : "CheckPrereqsIndexed",
                     "version" : "0.006"
                  },
                  {
                     "class" : "Dist::Zilla::Plugin::OurPkgVersion",
                     "name" : "OurPkgVersion",
                     "version" : "0.004000"
                  },
                  {
                     "class" : "Dist::Zilla::Plugin::TemplateCJM",
                     "name" : "TemplateCJM",
                     "version" : "4.10"
                  },
                  {
                     "class" : "Dist::Zilla::Plugin::PodWeaver",
                     "name" : "PodWeaver",
                     "version" : "3.101641"
                  },
                  {
                     "class" : "Dist::Zilla::Plugin::FileFinder::Filter",
                     "name" : "FilesToWeave",
                     "version" : "4.300023"
                  },
                  {
                     "class" : "Dist::Zilla::Plugin::Repository",
                     "name" : "Repository",
                     "version" : "0.18"
                  },
                  {
                     "class" : "Dist::Zilla::Plugin::NextRelease",
                     "name" : "NextRelease",
                     "version" : "4.300023"
                  },
                  {
                     "class" : "Dist::Zilla::Plugin::Git::NextVersion",
                     "name" : "Git::NextVersion",
                     "version" : "1.122530"
                  },
                  {
                     "class" : "Dist::Zilla::Plugin::Git::Check",
                     "name" : "@Git/Check",
                     "version" : "1.122530"
                  },
                  {
                     "class" : "Dist::Zilla::Plugin::Git::Commit",
                     "name" : "@Git/Commit",
                     "version" : "1.122530"
                  },
                  {
                     "class" : "Dist::Zilla::Plugin::Git::Tag",
                     "name" : "@Git/Tag",
                     "version" : "1.122530"
                  },
                  {
                     "class" : "Dist::Zilla::Plugin::Git::Push",
                     "name" : "@Git/Push",
                     "version" : "1.122530"
                  },
                  {
                     "class" : "Dist::Zilla::Plugin::Git::CheckFor::CorrectBranch",
                     "name" : "GitBranch",
                     "version" : "0.004"
                  },
                  {
                     "class" : "Dist::Zilla::Plugin::RunExtraTests",
                     "name" : "RunExtraTests",
                     "version" : "0.007"
                  },
                  {
                     "class" : "Dist::Zilla::Plugin::TestRelease",
                     "name" : "TestRelease",
                     "version" : "4.300023"
                  },
                  {
                     "class" : "Dist::Zilla::Plugin::UploadToCPAN",
                     "name" : "UploadToCPAN",
                     "version" : "4.300023"
                  },
                  {
                     "class" : "Dist::Zilla::Plugin::ArchiveRelease",
                     "name" : "ArchiveRelease",
                     "version" : "4.00"
                  },
                  {
                     "class" : "Dist::Zilla::Plugin::ConfirmRelease",
                     "name" : "ConfirmRelease",
                     "version" : "4.300023"
                  },
                  {
                     "class" : "Dist::Zilla::Plugin::AutoPrereqs",
                     "name" : "AutoPrereqs",
                     "version" : "4.300023"
                  },
                  {
                     "class" : "Dist::Zilla::Plugin::MetaNoIndex",
                     "name" : "MetaNoIndex",
                     "version" : "4.300023"
                  },
                  {
                     "class" : "Dist::Zilla::Plugin::FinderCode",
                     "name" : ":InstallModules",
                     "version" : "4.300023"
                  },
                  {
                     "class" : "Dist::Zilla::Plugin::FinderCode",
                     "name" : ":IncModules",
                     "version" : "4.300023"
                  },
                  {
                     "class" : "Dist::Zilla::Plugin::FinderCode",
                     "name" : ":TestFiles",
                     "version" : "4.300023"
                  },
                  {
                     "class" : "Dist::Zilla::Plugin::FinderCode",
                     "name" : ":ExecFiles",
                     "version" : "4.300023"
                  },
                  {
                     "class" : "Dist::Zilla::Plugin::FinderCode",
                     "name" : ":ShareFiles",
                     "version" : "4.300023"
                  },
                  {
                     "class" : "Dist::Zilla::Plugin::FinderCode",
                     "name" : ":MainModule",
                     "version" : "4.300023"
                  }
               ],
               "zilla" : {
                  "class" : "Dist::Zilla::Dist::Builder",
                  "config" : {
                     "is_trial" : "0"
                  },
                  "version" : "4.300023"
               }
            }
         },
         "name" : "HTML::Tree",
         "pathname" : "C/CJ/CJM/HTML-Tree-5.03.tar.gz",
         "provides" : {
            "HTML::AsSubs" : {
               "file" : "HTML/AsSubs.pm",
               "version" : "5.03"
            },
            "HTML::Element" : {
               "file" : "HTML/Element.pm",
               "version" : "5.03"
            },
            "HTML::Element::traverse" : {
               "file" : "HTML/Element/traverse.pm",
               "version" : "5.03"
            },
            "HTML::Parse" : {
               "file" : "HTML/Parse.pm",
               "version" : "5.03"
            },
            "HTML::Tree" : {
               "file" : "HTML/Tree.pm",
               "version" : "5.03"
            },
            "HTML::TreeBuilder" : {
               "file" : "HTML/TreeBuilder.pm",
               "version" : "5.03"
            }
         },
         "target" : "HTML::TreeBuilder",
         "version" : "5.03"
      },
      "List::MoreUtils" : {
         "dist" : "List-MoreUtils-0.33",
         "mymeta" : {
            "abstract" : "Provide the stuff missing in List::Util",
            "author" : [
               "Tassilo von Parseval <tassilo.von.parseval@rwth-aachen.de>"
            ],
            "dynamic_config" : 0,
            "generated_by" : "ExtUtils::MakeMaker version 6.56, CPAN::Meta::Converter version 2.120921",
            "license" : [
               "perl_5"
            ],
            "meta-spec" : {
               "url" : "http://search.cpan.org/perldoc?CPAN::Meta::Spec",
               "version" : "2"
            },
            "name" : "List-MoreUtils",
            "no_index" : {
               "directory" : [
                  "t",
                  "inc"
               ]
            },
            "prereqs" : {
               "build" : {
                  "requires" : {
                     "Test::More" : "0.42"
                  }
               },
               "configure" : {
                  "requires" : {
                     "ExtUtils::CBuilder" : "0.27",
                     "ExtUtils::MakeMaker" : "6.52"
                  }
               },
               "runtime" : {
                  "requires" : {
                     "Test::More" : "0.82",
                     "perl" : "5.00503"
                  }
               }
            },
            "release_status" : "stable",
            "version" : "0.33"
         },
         "name" : "List::MoreUtils",
         "pathname" : "A/AD/ADAMK/List-MoreUtils-0.33.tar.gz",
         "provides" : {
            "List::MoreUtils" : {
               "file" : "List/MoreUtils.pm",
               "version" : "0.33"
            }
         },
         "target" : "List::MoreUtils",
         "version" : "0.33"
      },
      "Sub::Uplevel" : {
         "dist" : "Sub-Uplevel-0.24",
         "mymeta" : {
            "abstract" : "apparently run a function in a higher stack frame",
            "author" : [
               "Michael Schwern <mschwern@cpan.org>",
               "David Golden <dagolden@cpan.org>"
            ],
            "dynamic_config" : 0,
            "generated_by" : "Dist::Zilla version 4.300005, CPAN::Meta::Converter version 2.112621, CPAN::Meta::Converter version 2.120921",
            "license" : [
               "perl_5"
            ],
            "meta-spec" : {
               "url" : "http://search.cpan.org/perldoc?CPAN::Meta::Spec",
               "version" : "2"
            },
            "name" : "Sub-Uplevel",
            "no_index" : {
               "directory" : [
                  "t",
                  "xt",
                  "examples",
                  "corpus"
               ],
               "package" : [
                  "DB"
               ]
            },
            "prereqs" : {
               "build" : {
                  "requires" : {
                     "Exporter" : "0",
                     "File::Find" : "0",
                     "File::Temp" : "0",
                     "Test::More" : "0"
                  }
               },
               "configure" : {
                  "requires" : {
                     "ExtUtils::MakeMaker" : "6.30"
                  }
               },
               "runtime" : {
                  "requires" : {
                     "Carp" : "0",
                     "constant" : "0",
                     "strict" : "0",
                     "warnings" : "0"
                  }
               }
            },
            "provides" : {
               "Sub::Uplevel" : {
                  "file" : "lib/Sub/Uplevel.pm",
                  "version" : "0.24"
               }
            },
            "release_status" : "stable",
            "resources" : {
               "bugtracker" : {
                  "web" : "http://rt.cpan.org/Public/Dist/Display.html?Name=Sub-Uplevel"
               },
               "homepage" : "https://github.com/dagolden/sub-uplevel",
               "repository" : {
                  "url" : "https://github.com/dagolden/sub-uplevel.git"
               }
            },
            "version" : "0.24"
         },
         "name" : "Sub::Uplevel",
         "pathname" : "D/DA/DAGOLDEN/Sub-Uplevel-0.24.tar.gz",
         "provides" : {
            "Sub::Uplevel" : {
               "file" : "Sub/Uplevel.pm",
               "version" : "0.24"
            }
         },
         "target" : "Sub::Uplevel",
         "version" : "0.24"
      },
      "Test::Differences" : {
         "dist" : "Test-Differences-0.61",
         "mymeta" : {
            "abstract" : "Test strings and data structures and show differences if not ok",
            "author" : [
               "Curtis \"Ovid\" Poe <ovid@cpan.org>"
            ],
            "dynamic_config" : 0,
            "generated_by" : "Module::Build version 0.4003, CPAN::Meta::Converter version 2.120921",
            "license" : [
               "perl_5"
            ],
            "meta-spec" : {
               "url" : "http://search.cpan.org/perldoc?CPAN::Meta::Spec",
               "version" : "2"
            },
            "name" : "Test-Differences",
            "prereqs" : {
               "configure" : {
                  "requires" : {
                     "Module::Build" : "0.36"
                  }
               },
               "runtime" : {
                  "requires" : {
                     "Data::Dumper" : "2.126",
                     "Test::More" : "0",
                     "Text::Diff" : "0.35"
                  }
               }
            },
            "provides" : {
               "Test::Differences" : {
                  "file" : "lib/Test/Differences.pm",
                  "version" : "0.61"
               }
            },
            "release_status" : "stable",
            "resources" : {
               "license" : [
                  "http://dev.perl.org/licenses/"
               ],
               "repository" : {
                  "url" : "https://github.com/Ovid/Test-Differences"
               }
            },
            "version" : "0.61"
         },
         "name" : "Test::Differences",
         "pathname" : "O/OV/OVID/Test-Differences-0.61.tar.gz",
         "provides" : {
            "Test::Differences" : {
               "file" : "Test/Differences.pm",
               "version" : "0.61"
            }
         },
         "target" : "Test::Differences",
         "version" : "0.61"
      },
      "Test::Exception" : {
         "dist" : "Test-Exception-0.31",
         "mymeta" : {
            "abstract" : "Test exception based code",
            "author" : [
               "Adrian Howard <adrianh@quietstars.com>"
            ],
            "dynamic_config" : 0,
            "generated_by" : "Module::Build version 0.4003, CPAN::Meta::Converter version 2.120921",
            "license" : [
               "perl_5"
            ],
            "meta-spec" : {
               "url" : "http://search.cpan.org/perldoc?CPAN::Meta::Spec",
               "version" : "2"
            },
            "name" : "Test-Exception",
            "prereqs" : {
               "configure" : {
                  "requires" : {
                     "Module::Build" : "0.36"
                  }
               },
               "runtime" : {
                  "requires" : {
                     "Sub::Uplevel" : "0.18",
                     "Test::Builder" : "0.7",
                     "Test::Builder::Tester" : "1.07",
                     "Test::Harness" : "2.03",
                     "Test::More" : "0.7",
                     "Test::Simple" : "0.7"
                  }
               }
            },
            "provides" : {
               "Test::Exception" : {
                  "file" : "lib/Test/Exception.pm",
                  "version" : "0.31"
               }
            },
            "release_status" : "stable",
            "resources" : {
               "license" : [
                  "http://dev.perl.org/licenses/"
               ]
            },
            "version" : "0.31"
         },
         "name" : "Test::Exception",
         "pathname" : "A/AD/ADIE/Test-Exception-0.31.tar.gz",
         "provides" : {
            "Test::Exception" : {
               "file" : "Test/Exception.pm",
               "version" : "0.31"
            }
         },
         "target" : "Test::Exception",
         "version" : "0.31"
      },
      "Test::Fatal" : {
         "dist" : "Test-Fatal-0.010",
         "mymeta" : {
            "abstract" : "incredibly simple helpers for testing code with exceptions",
            "author" : [
               "Ricardo Signes <rjbs@cpan.org>"
            ],
            "dynamic_config" : 0,
            "generated_by" : "Dist::Zilla version 4.300007, CPAN::Meta::Converter version 2.120351, CPAN::Meta::Converter version 2.120921",
            "license" : [
               "perl_5"
            ],
            "meta-spec" : {
               "url" : "http://search.cpan.org/perldoc?CPAN::Meta::Spec",
               "version" : "2"
            },
            "name" : "Test-Fatal",
            "prereqs" : {
               "build" : {
                  "requires" : {
                     "Test::Builder::Tester" : "0",
                     "Test::More" : "0.47",
                     "overload" : "0"
                  }
               },
               "configure" : {
                  "requires" : {
                     "ExtUtils::MakeMaker" : "6.30"
                  }
               },
               "runtime" : {
                  "requires" : {
                     "Carp" : "0",
                     "Exporter" : "5.57",
                     "Test::Builder" : "0",
                     "Try::Tiny" : "0.07",
                     "strict" : "0",
                     "warnings" : "0"
                  }
               }
            },
            "release_status" : "stable",
            "resources" : {
               "homepage" : "https://github.com/rjbs/test-fatal",
               "repository" : {
                  "url" : "https://github.com/rjbs/test-fatal.git"
               }
            },
            "version" : "0.010",
            "x_Dist_Zilla" : {
               "plugins" : [
                  {
                     "class" : "Dist::Zilla::Plugin::CheckPrereqsIndexed",
                     "name" : "@RJBS/CheckPrereqsIndexed",
                     "version" : "0.007"
                  },
                  {
                     "class" : "Dist::Zilla::Plugin::GatherDir",
                     "name" : "@RJBS/@Basic/GatherDir",
                     "version" : "4.300007"
                  },
                  {
                     "class" : "Dist::Zilla::Plugin::PruneCruft",
                     "name" : "@RJBS/@Basic/PruneCruft",
                     "version" : "4.300007"
                  },
                  {
                     "class" : "Dist::Zilla::Plugin::ManifestSkip",
                     "name" : "@RJBS/@Basic/ManifestSkip",
                     "version" : "4.300007"
                  },
                  {
                     "class" : "Dist::Zilla::Plugin::MetaYAML",
                     "name" : "@RJBS/@Basic/MetaYAML",
                     "version" : "4.300007"
                  },
                  {
                     "class" : "Dist::Zilla::Plugin::License",
                     "name" : "@RJBS/@Basic/License",
                     "version" : "4.300007"
                  },
                  {
                     "class" : "Dist::Zilla::Plugin::Readme",
                     "name" : "@RJBS/@Basic/Readme",
                     "version" : "4.300007"
                  },
                  {
                     "class" : "Dist::Zilla::Plugin::ExtraTests",
                     "name" : "@RJBS/@Basic/ExtraTests",
                     "version" : "4.300007"
                  },
                  {
                     "class" : "Dist::Zilla::Plugin::ExecDir",
                     "name" : "@RJBS/@Basic/ExecDir",
                     "version" : "4.300007"
                  },
                  {
                     "class" : "Dist::Zilla::Plugin::ShareDir",
                     "name" : "@RJBS/@Basic/ShareDir",
                     "version" : "4.300007"
                  },
                  {
                     "class" : "Dist::Zilla::Plugin::MakeMaker",
                     "name" : "@RJBS/@Basic/MakeMaker",
                     "version" : "4.300007"
                  },
                  {
                     "class" : "Dist::Zilla::Plugin::Manifest",
                     "name" : "@RJBS/@Basic/Manifest",
                     "version" : "4.300007"
                  },
                  {
                     "class" : "Dist::Zilla::Plugin::TestRelease",
                     "name" : "@RJBS/@Basic/TestRelease",
                     "version" : "4.300007"
                  },
                  {
                     "class" : "Dist::Zilla::Plugin::ConfirmRelease",
                     "name" : "@RJBS/@Basic/ConfirmRelease",
                     "version" : "4.300007"
                  },
                  {
                     "class" : "Dist::Zilla::Plugin::UploadToCPAN",
                     "name" : "@RJBS/@Basic/UploadToCPAN",
                     "version" : "4.300007"
                  },
                  {
                     "class" : "Dist::Zilla::Plugin::AutoPrereqs",
                     "name" : "@RJBS/AutoPrereqs",
                     "version" : "4.300007"
                  },
                  {
                     "class" : "Dist::Zilla::Plugin::Git::NextVersion",
                     "name" : "@RJBS/Git::NextVersion",
                     "version" : "1.120370"
                  },
                  {
                     "class" : "Dist::Zilla::Plugin::PkgVersion",
                     "name" : "@RJBS/PkgVersion",
                     "version" : "4.300007"
                  },
                  {
                     "class" : "Dist::Zilla::Plugin::MetaConfig",
                     "name" : "@RJBS/MetaConfig",
                     "version" : "4.300007"
                  },
                  {
                     "class" : "Dist::Zilla::Plugin::MetaJSON",
                     "name" : "@RJBS/MetaJSON",
                     "version" : "4.300007"
                  },
                  {
                     "class" : "Dist::Zilla::Plugin::NextRelease",
                     "name" : "@RJBS/NextRelease",
                     "version" : "4.300007"
                  },
                  {
                     "class" : "Dist::Zilla::Plugin::PodSyntaxTests",
                     "name" : "@RJBS/PodSyntaxTests",
                     "version" : "4.300007"
                  },
                  {
                     "class" : "Dist::Zilla::Plugin::Repository",
                     "name" : "@RJBS/Repository",
                     "version" : "0.18"
                  },
                  {
                     "class" : "Dist::Zilla::Plugin::Prereqs",
                     "config" : {
                        "Dist::Zilla::Plugin::Prereqs" : {
                           "phase" : "test",
                           "type" : "requires"
                        }
                     },
                     "name" : "@RJBS/TestMoreWithSubtests",
                     "version" : "4.300007"
                  },
                  {
                     "class" : "Dist::Zilla::Plugin::PodWeaver",
                     "name" : "@RJBS/PodWeaver",
                     "version" : "3.101641"
                  },
                  {
                     "class" : "Dist::Zilla::Plugin::GithubMeta",
                     "name" : "@RJBS/GithubMeta",
                     "version" : "0.28"
                  },
                  {
                     "class" : "Dist::Zilla::Plugin::Git::Check",
                     "name" : "@RJBS/@Git/Check",
                     "version" : "1.120370"
                  },
                  {
                     "class" : "Dist::Zilla::Plugin::Git::Commit",
                     "name" : "@RJBS/@Git/Commit",
                     "version" : "1.120370"
                  },
                  {
                     "class" : "Dist::Zilla::Plugin::Git::Tag",
                     "name" : "@RJBS/@Git/Tag",
                     "version" : "1.120370"
                  },
                  {
                     "class" : "Dist::Zilla::Plugin::Git::Push",
                     "name" : "@RJBS/@Git/Push",
                     "version" : "1.120370"
                  },
                  {
                     "class" : "Dist::Zilla::Plugin::RemovePrereqs",
                     "config" : {
                        "Dist::Zilla::Plugin::RemovePrereqs" : {
                           "modules_to_remove" : [
                              "Test::More"
                           ]
                        }
                     },
                     "name" : "RemovePrereqs",
                     "version" : "4.300007"
                  },
                  {
                     "class" : "Dist::Zilla::Plugin::Prereqs",
                     "config" : {
                        "Dist::Zilla::Plugin::Prereqs" : {
                           "phase" : "test",
                           "type" : "requires"
                        }
                     },
                     "name" : "TestRequires",
                     "version" : "4.300007"
                  },
                  {
                     "class" : "Dist::Zilla::Plugin::FinderCode",
                     "name" : ":InstallModules",
                     "version" : "4.300007"
                  },
                  {
                     "class" : "Dist::Zilla::Plugin::FinderCode",
                     "name" : ":IncModules",
                     "version" : "4.300007"
                  },
                  {
                     "class" : "Dist::Zilla::Plugin::FinderCode",
                     "name" : ":TestFiles",
                     "version" : "4.300007"
                  },
                  {
                     "class" : "Dist::Zilla::Plugin::FinderCode",
                     "name" : ":ExecFiles",
                     "version" : "4.300007"
                  },
                  {
                     "class" : "Dist::Zilla::Plugin::FinderCode",
                     "name" : ":ShareFiles",
                     "version" : "4.300007"
                  },
                  {
                     "class" : "Dist::Zilla::Plugin::FinderCode",
                     "name" : ":MainModule",
                     "version" : "4.300007"
                  }
               ],
               "zilla" : {
                  "class" : "Dist::Zilla::Dist::Builder",
                  "config" : {
                     "is_trial" : "0"
                  },
                  "version" : "4.300007"
               }
            }
         },
         "name" : "Test::Fatal",
         "pathname" : "R/RJ/RJBS/Test-Fatal-0.010.tar.gz",
         "provides" : {
            "Test::Fatal" : {
               "file" : "Test/Fatal.pm",
               "version" : "0.010"
            }
         },
         "target" : "Test::Fatal",
         "version" : "0.010"
      },
      "Text::Diff" : {
         "dist" : "Text-Diff-1.41",
         "mymeta" : {
            "abstract" : "Perform diffs on files and record sets",
            "author" : [
               "Adam Kennedy <adamk@cpan.org>"
            ],
            "dynamic_config" : 0,
            "generated_by" : "ExtUtils::MakeMaker version 6.56, CPAN::Meta::Converter version 2.120921",
            "license" : [
               "perl_5"
            ],
            "meta-spec" : {
               "url" : "http://search.cpan.org/perldoc?CPAN::Meta::Spec",
               "version" : "2"
            },
            "name" : "Text-Diff",
            "no_index" : {
               "directory" : [
                  "t",
                  "inc"
               ]
            },
            "prereqs" : {
               "build" : {
                  "requires" : {
                     "ExtUtils::MakeMaker" : "0"
                  }
               },
               "configure" : {
                  "requires" : {
                     "ExtUtils::MakeMaker" : "0"
                  }
               },
               "runtime" : {
                  "requires" : {
                     "Algorithm::Diff" : "1.19",
                     "Exporter" : "0"
                  }
               }
            },
            "release_status" : "stable",
            "resources" : {
               "repository" : {
                  "url" : "https://github.com/Ovid/Text-Diff"
               }
            },
            "version" : "1.41"
         },
         "name" : "Text::Diff",
         "pathname" : "O/OV/OVID/Text-Diff-1.41.tar.gz",
         "provides" : {
            "Text::Diff" : {
               "file" : "Text/Diff.pm",
               "version" : "1.41"
            },
            "Text::Diff::Base" : {
               "file" : "Text/Diff.pm"
            },
            "Text::Diff::Config" : {
               "file" : "Text/Diff/Config.pm",
               "version" : "1.41"
            },
            "Text::Diff::Table" : {
               "file" : "Text/Diff/Table.pm",
               "version" : "1.41"
            }
         },
         "target" : "Text::Diff",
         "version" : "1.41"
      },
      "Text::Markdown" : {
         "dist" : "Text-Markdown-1.000031",
         "mymeta" : {
            "abstract" : "Convert Markdown syntax to (X)HTML",
            "author" : [
               "Tomas Doran <bobtfish@bobtfish.net>"
            ],
            "dynamic_config" : 0,
            "generated_by" : "Module::Install version 0.910, CPAN::Meta::Converter version 2.120921",
            "license" : [
               "bsd"
            ],
            "meta-spec" : {
               "url" : "http://search.cpan.org/perldoc?CPAN::Meta::Spec",
               "version" : "2"
            },
            "name" : "Text-Markdown",
            "no_index" : {
               "directory" : [
                  "inc",
                  "t"
               ]
            },
            "prereqs" : {
               "build" : {
                  "requires" : {
                     "ExtUtils::MakeMaker" : "0"
                  }
               },
               "configure" : {
                  "requires" : {
                     "ExtUtils::MakeMaker" : "6.42"
                  }
               },
               "runtime" : {
                  "requires" : {
                     "Digest::MD5" : "0",
                     "Encode" : "0",
                     "ExtUtils::MakeMaker" : "6.42",
                     "FindBin" : "0",
                     "List::MoreUtils" : "0",
                     "Test::Differences" : "0",
                     "Test::Exception" : "0",
                     "Test::More" : "0.42",
                     "Text::Balanced" : "0"
                  }
               }
            },
            "release_status" : "stable",
            "resources" : {
               "bugtracker" : {
                  "web" : "http://github.com/bobtfish/text-markdown/issues"
               },
               "license" : [
                  "http://opensource.org/licenses/bsd-license.php"
               ],
               "repository" : {
                  "url" : "http://github.com/bobtfish/text-markdown/"
               }
            },
            "version" : "1.000031"
         },
         "name" : "Text::Markdown",
         "pathname" : "B/BO/BOBTFISH/Text-Markdown-1.000031.tar.gz",
         "provides" : {
            "Text::Markdown" : {
               "file" : "Text/Markdown.pm",
               "version" : "1.000031"
            }
         },
         "target" : "Text::Markdown",
         "version" : "1.000031"
      },
      "Try::Tiny" : {
         "dist" : "Try-Tiny-0.12",
         "mymeta" : {
            "abstract" : "unknown",
            "author" : [
               "unknown"
            ],
            "dynamic_config" : 0,
            "generated_by" : "ExtUtils::MakeMaker version 6.6302, CPAN::Meta::Converter version 2.120921",
            "license" : [
               "unknown"
            ],
            "meta-spec" : {
               "url" : "http://search.cpan.org/perldoc?CPAN::Meta::Spec",
               "version" : "2"
            },
            "name" : "Try-Tiny",
            "no_index" : {
               "directory" : [
                  "t",
                  "inc"
               ]
            },
            "prereqs" : {
               "build" : {
                  "requires" : {
                     "ExtUtils::MakeMaker" : "0"
                  }
               },
               "configure" : {
                  "requires" : {
                     "ExtUtils::MakeMaker" : "0"
                  }
               },
               "runtime" : {
                  "requires" : {
                     "Test::More" : "0"
                  }
               }
            },
            "release_status" : "stable",
            "resources" : {
               "homepage" : "https://github.com/doy/try-tiny.git",
               "repository" : {
                  "type" : "git",
                  "url" : "git://github.com/doy/try-tiny.git"
               }
            },
            "version" : "0.12"
         },
         "name" : "Try::Tiny",
         "pathname" : "D/DO/DOY/Try-Tiny-0.12.tar.gz",
         "provides" : {
            "Try::Tiny" : {
               "file" : "Try/Tiny.pm",
               "version" : "0.12"
            }
         },
         "target" : "Try::Tiny",
         "version" : "0.12"
      },
      "Unicode::EastAsianWidth" : {
         "dist" : "Unicode-EastAsianWidth-1.33",
         "mymeta" : {
            "abstract" : "East Asian Width properties",
            "author" : [
               "唐鳳 <cpan@audreyt.org>"
            ],
            "dynamic_config" : 0,
            "generated_by" : "Module::Install version 1.06, CPAN::Meta::Converter version 2.120921",
            "license" : [
               "unrestricted"
            ],
            "meta-spec" : {
               "url" : "http://search.cpan.org/perldoc?CPAN::Meta::Spec",
               "version" : "2"
            },
            "name" : "Unicode-EastAsianWidth",
            "no_index" : {
               "directory" : [
                  "inc",
                  "t"
               ]
            },
            "prereqs" : {
               "build" : {
                  "requires" : {
                     "ExtUtils::MakeMaker" : "6.59"
                  }
               },
               "configure" : {
                  "requires" : {
                     "ExtUtils::MakeMaker" : "6.59"
                  }
               },
               "runtime" : {
                  "requires" : {
                     "perl" : "5.006"
                  }
               }
            },
            "release_status" : "stable",
            "resources" : {
               "homepage" : "https://github.com/audreyt/Unicode-EastAsianWidth/tree"
            },
            "version" : "1.33",
            "x_module_name" : "Unicode::EastAsianWidth"
         },
         "name" : "Unicode::EastAsianWidth",
         "pathname" : "A/AU/AUDREYT/Unicode-EastAsianWidth-1.33.tar.gz",
         "provides" : {
            "Unicode::EastAsianWidth" : {
               "file" : "Unicode/EastAsianWidth.pm",
               "version" : "1.33"
            }
         },
         "target" : "Unicode::EastAsianWidth",
         "version" : "1.33"
      }
   },
   "version" : "0.9"
}
